{
  "name": "datatables.net-colresize-unofficial",
  "version": "2.0.0",
  "lockfileVersion": 2,
  "requires": true,
  "packages": {
    "": {
      "name": "datatables.net-colresize-unofficial",
      "version": "2.0.0",
      "license": "MIT",
      "dependencies": {
        "datatables.net": ">=2.0.0",
        "jquery": ">=1.7"
      }
    },
    "node_modules/datatables.net": {
      "version": "2.3.4",
      "resolved": "https://registry.npmjs.org/datatables.net/-/datatables.net-2.3.4.tgz",
      "integrity": "sha512-fKuRlrBIdpAl2uIFgl9enKecHB41QmFd/2nN9LBbOvItV/JalAxLcyqdZXex7wX4ZXjnJQEnv6xeS9veOpKzSw==",
      "dependencies": {
        "jquery": ">=1.7"
      }
    },
    "node_modules/jquery": {
      "version": "3.7.1",
      "resolved": "https://registry.npmjs.org/jquery/-/jquery-3.7.1.tgz",
      "integrity": "sha512-m4avr8yL8kmFN8psrbFFFmB/If14iN5o9nw/NgnnM+kybDJpRsAynV2BsfpTYrTRysYUdADVD7CkUUizgkpLfg=="
    }
  },
  "dependencies": {
    "datatables.net": {
      "version": "2.3.4",
      "resolved": "https://registry.npmjs.org/datatables.net/-/datatables.net-2.3.4.tgz",
      "integrity": "sha512-fKuRlrBIdpAl2uIFgl9enKecHB41QmFd/2nN9LBbOvItV/JalAxLcyqdZXex7wX4ZXjnJQEnv6xeS9veOpKzSw==",
      "requires": {
        "jquery": ">=1.7"
      }
    },
    "jquery": {
      "version": "3.7.1",
      "resolved": "https://registry.npmjs.org/jquery/-/jquery-3.7.1.tgz",
      "integrity": "sha512-m4avr8yL8kmFN8psrbFFFmB/If14iN5o9nw/NgnnM+kybDJpRsAynV2BsfpTYrTRysYUdADVD7CkUUizgkpLfg=="
    }
  }
}
