{
  "name": "datatables.net-colresize-unofficial",
  "version": "1.7.2",
  "lockfileVersion": 2,
  "requires": true,
  "packages": {
    "": {
      "name": "datatables.net-colresize-unofficial",
      "version": "1.7.2",
      "license": "MIT",
      "dependencies": {
        "datatables.net": ">=1.10.9",
        "jquery": ">=1.7"
      }
    },
    "node_modules/datatables.net": {
      "version": "1.13.7",
      "resolved": "https://registry.npmjs.org/datatables.net/-/datatables.net-1.13.7.tgz",
      "integrity": "sha512-lbmcCSrMU8VTaGwgCxWs/jbP8NVJlzXaUkK3SiiZY7tTjRp7XJw4InlOU+XUVZ4i4B2GBxue02/P5iVto1CGDg==",
      "dependencies": {
        "jquery": ">=1.7"
      }
    },
    "node_modules/jquery": {
      "version": "3.7.1",
      "resolved": "https://registry.npmjs.org/jquery/-/jquery-3.7.1.tgz",
      "integrity": "sha512-m4avr8yL8kmFN8psrbFFFmB/If14iN5o9nw/NgnnM+kybDJpRsAynV2BsfpTYrTRysYUdADVD7CkUUizgkpLfg=="
    }
  },
  "dependencies": {
    "datatables.net": {
      "version": "1.13.7",
      "resolved": "https://registry.npmjs.org/datatables.net/-/datatables.net-1.13.7.tgz",
      "integrity": "sha512-lbmcCSrMU8VTaGwgCxWs/jbP8NVJlzXaUkK3SiiZY7tTjRp7XJw4InlOU+XUVZ4i4B2GBxue02/P5iVto1CGDg==",
      "requires": {
        "jquery": ">=1.7"
      }
    },
    "jquery": {
      "version": "3.7.1",
      "resolved": "https://registry.npmjs.org/jquery/-/jquery-3.7.1.tgz",
      "integrity": "sha512-m4avr8yL8kmFN8psrbFFFmB/If14iN5o9nw/NgnnM+kybDJpRsAynV2BsfpTYrTRysYUdADVD7CkUUizgkpLfg=="
    }
  }
}
